
Microsoft Visual Studio Solution File, Format Version 12.00
# Visual Studio Version 16
VisualStudioVersion = 16.0.29613.14
MinimumVisualStudioVersion = 10.0.40219.1
Project("{9A19103F-16F7-4668-BE54-9A1E7A4F7556}") = "Nextechapp", "Nextechapp.csproj", "{FE00AE16-89AC-4D72-85E7-B8A91C2DE7A0}"
EndProject
Project("{FAE04EC0-301F-11D3-BF4B-00C04F79EFBC}") = "NewStoriesTests", "..\NewStoriesTests\NewStoriesTests.csproj", "{B68D6842-5E8C-40AE-A63C-0E3EF54F1044}"
EndProject
Global
	GlobalSection(SolutionConfigurationPlatforms) = preSolution
		Debug|Any CPU = Debug|Any CPU
		Release|Any CPU = Release|Any CPU
	EndGlobalSection
	GlobalSection(ProjectConfigurationPlatforms) = postSolution
		{FE00AE16-89AC-4D72-85E7-B8A91C2DE7A0}.Debug|Any CPU.ActiveCfg = Debug|Any CPU
		{FE00AE16-89AC-4D72-85E7-B8A91C2DE7A0}.Debug|Any CPU.Build.0 = Debug|Any CPU
		{FE00AE16-89AC-4D72-85E7-B8A91C2DE7A0}.Release|Any CPU.ActiveCfg = Release|Any CPU
		{FE00AE16-89AC-4D72-85E7-B8A91C2DE7A0}.Release|Any CPU.Build.0 = Release|Any CPU
		{B68D6842-5E8C-40AE-A63C-0E3EF54F1044}.Debug|Any CPU.ActiveCfg = Debug|Any CPU
		{B68D6842-5E8C-40AE-A63C-0E3EF54F1044}.Debug|Any CPU.Build.0 = Debug|Any CPU
		{B68D6842-5E8C-40AE-A63C-0E3EF54F1044}.Release|Any CPU.ActiveCfg = Release|Any CPU
		{B68D6842-5E8C-40AE-A63C-0E3EF54F1044}.Release|Any CPU.Build.0 = Release|Any CPU
	EndGlobalSection
	GlobalSection(SolutionProperties) = preSolution
		HideSolutionNode = FALSE
	EndGlobalSection
	GlobalSection(ExtensibilityGlobals) = postSolution
		SolutionGuid = {6A605484-0728-4EE1-835B-74E52BA970DC}
	EndGlobalSection
EndGlobal
